
Microsoft Visual Studio Solution File, Format Version 12.00
# Visual Studio 15
VisualStudioVersion = 15.0.27703.2018
MinimumVisualStudioVersion = 10.0.40219.1
Project("{9A19103F-16F7-4668-BE54-9A1E7A4F7556}") = "ApprovalFlowSample", "ApprovalFlowSample\ApprovalFlowSample.csproj", "{34DB1387-10A6-4568-8B7D-371184A4DCF4}"
EndProject
Project("{2150E333-8FDC-42A3-9474-1A3956D46DE8}") = "Solution Items", "Solution Items", "{C45BA37B-5B5D-4225-9DC5-420B6F37799E}"
	ProjectSection(SolutionItems) = preProject
		README.md = README.md
	EndProjectSection
EndProject
Global
	GlobalSection(SolutionConfigurationPlatforms) = preSolution
		Debug|Any CPU = Debug|Any CPU
		Release|Any CPU = Release|Any CPU
	EndGlobalSection
	GlobalSection(ProjectConfigurationPlatforms) = postSolution
		{34DB1387-10A6-4568-8B7D-371184A4DCF4}.Debug|Any CPU.ActiveCfg = Debug|Any CPU
		{34DB1387-10A6-4568-8B7D-371184A4DCF4}.Debug|Any CPU.Build.0 = Debug|Any CPU
		{34DB1387-10A6-4568-8B7D-371184A4DCF4}.Release|Any CPU.ActiveCfg = Release|Any CPU
		{34DB1387-10A6-4568-8B7D-371184A4DCF4}.Release|Any CPU.Build.0 = Release|Any CPU
	EndGlobalSection
	GlobalSection(SolutionProperties) = preSolution
		HideSolutionNode = FALSE
	EndGlobalSection
	GlobalSection(ExtensibilityGlobals) = postSolution
		SolutionGuid = {154AA362-0863-40FC-A440-F7D82D559173}
	EndGlobalSection
EndGlobal
